
Microsoft Visual Studio Solution File, Format Version 12.00
# Visual Studio Version 17
VisualStudioVersion = 17.7.34221.43
MinimumVisualStudioVersion = 10.0.40219.1
Project("{FAE04EC0-301F-11D3-BF4B-00C04F79EFBC}") = "WindowsFormsBD", "WindowsFormsBD.csproj", "{4DCE1F47-733E-4655-8D3B-40DDEC6C2840}"
EndProject
Global
	GlobalSection(SolutionConfigurationPlatforms) = preSolution
		Debug|Any CPU = Debug|Any CPU
		Release|Any CPU = Release|Any CPU
	EndGlobalSection
	GlobalSection(ProjectConfigurationPlatforms) = postSolution
		{4DCE1F47-733E-4655-8D3B-40DDEC6C2840}.Debug|Any CPU.ActiveCfg = Debug|Any CPU
		{4DCE1F47-733E-4655-8D3B-40DDEC6C2840}.Debug|Any CPU.Build.0 = Debug|Any CPU
		{4DCE1F47-733E-4655-8D3B-40DDEC6C2840}.Release|Any CPU.ActiveCfg = Release|Any CPU
		{4DCE1F47-733E-4655-8D3B-40DDEC6C2840}.Release|Any CPU.Build.0 = Release|Any CPU
	EndGlobalSection
	GlobalSection(SolutionProperties) = preSolution
		HideSolutionNode = FALSE
	EndGlobalSection
	GlobalSection(ExtensibilityGlobals) = postSolution
		SolutionGuid = {68E88755-F78A-4F67-A257-9DF3188BD7A5}
	EndGlobalSection
EndGlobal
